
Microsoft Visual Studio Solution File, Format Version 12.00
# Visual Studio 15
VisualStudioVersion = 15.0.27703.2035
MinimumVisualStudioVersion = 10.0.40219.1
Project("{FAE04EC0-301F-11D3-BF4B-00C04F79EFBC}") = "03.Fiap.Web.MVC", "03.Fiap.Web.MVC\03.Fiap.Web.MVC.csproj", "{56B4CB03-AAFA-4A9F-9288-3597147D895B}"
EndProject
Global
	GlobalSection(SolutionConfigurationPlatforms) = preSolution
		Debug|Any CPU = Debug|Any CPU
		Release|Any CPU = Release|Any CPU
	EndGlobalSection
	GlobalSection(ProjectConfigurationPlatforms) = postSolution
		{56B4CB03-AAFA-4A9F-9288-3597147D895B}.Debug|Any CPU.ActiveCfg = Debug|Any CPU
		{56B4CB03-AAFA-4A9F-9288-3597147D895B}.Debug|Any CPU.Build.0 = Debug|Any CPU
		{56B4CB03-AAFA-4A9F-9288-3597147D895B}.Release|Any CPU.ActiveCfg = Release|Any CPU
		{56B4CB03-AAFA-4A9F-9288-3597147D895B}.Release|Any CPU.Build.0 = Release|Any CPU
	EndGlobalSection
	GlobalSection(SolutionProperties) = preSolution
		HideSolutionNode = FALSE
	EndGlobalSection
	GlobalSection(ExtensibilityGlobals) = postSolution
		SolutionGuid = {9EC943AE-B190-4134-A065-E59571BDC03A}
	EndGlobalSection
EndGlobal
